
Microsoft Visual Studio Solution File, Format Version 12.00
# Visual Studio Version 17
VisualStudioVersion = 17.8.0.0
MinimumVisualStudioVersion = 17.8.0.0
Project("{9A19103F-16F7-4668-BE54-9A1E7A4F7556}") = "GuestBookApp.AppHost", "GuestBookApp.AppHost\GuestBookApp.AppHost.csproj", "{67A20655-B0B8-47BF-8427-7184A1781FDD}"
	ProjectSection(ProjectDependencies) = postProject
		{010ABC01-4E0B-4F66-82F0-32B8681B43B8} = {010ABC01-4E0B-4F66-82F0-32B8681B43B8}
	EndProjectSection
EndProject
Project("{9A19103F-16F7-4668-BE54-9A1E7A4F7556}") = "GuestBookApp.ServiceDefaults", "GuestBookApp.ServiceDefaults\GuestBookApp.ServiceDefaults.csproj", "{E58C010A-E3FB-4721-8705-5F694B43CA8A}"
EndProject
Project("{9A19103F-16F7-4668-BE54-9A1E7A4F7556}") = "GuestBookApp.ApiService", "GuestBookApp.ApiService\GuestBookApp.ApiService.csproj", "{A37F56FB-EEB3-4CB5-96D7-F78AE1CB7B21}"
EndProject
Project("{9A19103F-16F7-4668-BE54-9A1E7A4F7556}") = "GuestBookApp.Web", "GuestBookApp.Web\GuestBookApp.Web.csproj", "{4449F5DD-4537-4AE7-863F-E378704DDABC}"
EndProject
Project("{FAE04EC0-301F-11D3-BF4B-00C04F79EFBC}") = "GuestBookApp.Core", "GuestBookApp.Core\GuestBookApp.Core.csproj", "{010ABC01-4E0B-4F66-82F0-32B8681B43B8}"
EndProject
Project("{FAE04EC0-301F-11D3-BF4B-00C04F79EFBC}") = "GuestBookApp.MigrationService", "GuestBookApp.MigrationService\GuestBookApp.MigrationService.csproj", "{71EFC775-EB1E-4987-9801-0C180BE362AE}"
EndProject
Global
	GlobalSection(SolutionConfigurationPlatforms) = preSolution
		Debug|Any CPU = Debug|Any CPU
		Debug|x64 = Debug|x64
		Debug|x86 = Debug|x86
		Release|Any CPU = Release|Any CPU
		Release|x64 = Release|x64
		Release|x86 = Release|x86
	EndGlobalSection
	GlobalSection(ProjectConfigurationPlatforms) = postSolution
		{67A20655-B0B8-47BF-8427-7184A1781FDD}.Debug|Any CPU.ActiveCfg = Debug|Any CPU
		{67A20655-B0B8-47BF-8427-7184A1781FDD}.Debug|Any CPU.Build.0 = Debug|Any CPU
		{67A20655-B0B8-47BF-8427-7184A1781FDD}.Debug|x64.ActiveCfg = Debug|Any CPU
		{67A20655-B0B8-47BF-8427-7184A1781FDD}.Debug|x64.Build.0 = Debug|Any CPU
		{67A20655-B0B8-47BF-8427-7184A1781FDD}.Debug|x86.ActiveCfg = Debug|Any CPU
		{67A20655-B0B8-47BF-8427-7184A1781FDD}.Debug|x86.Build.0 = Debug|Any CPU
		{67A20655-B0B8-47BF-8427-7184A1781FDD}.Release|Any CPU.ActiveCfg = Release|Any CPU
		{67A20655-B0B8-47BF-8427-7184A1781FDD}.Release|Any CPU.Build.0 = Release|Any CPU
		{67A20655-B0B8-47BF-8427-7184A1781FDD}.Release|x64.ActiveCfg = Release|Any CPU
		{67A20655-B0B8-47BF-8427-7184A1781FDD}.Release|x64.Build.0 = Release|Any CPU
		{67A20655-B0B8-47BF-8427-7184A1781FDD}.Release|x86.ActiveCfg = Release|Any CPU
		{67A20655-B0B8-47BF-8427-7184A1781FDD}.Release|x86.Build.0 = Release|Any CPU
		{E58C010A-E3FB-4721-8705-5F694B43CA8A}.Debug|Any CPU.ActiveCfg = Debug|Any CPU
		{E58C010A-E3FB-4721-8705-5F694B43CA8A}.Debug|Any CPU.Build.0 = Debug|Any CPU
		{E58C010A-E3FB-4721-8705-5F694B43CA8A}.Debug|x64.ActiveCfg = Debug|Any CPU
		{E58C010A-E3FB-4721-8705-5F694B43CA8A}.Debug|x64.Build.0 = Debug|Any CPU
		{E58C010A-E3FB-4721-8705-5F694B43CA8A}.Debug|x86.ActiveCfg = Debug|Any CPU
		{E58C010A-E3FB-4721-8705-5F694B43CA8A}.Debug|x86.Build.0 = Debug|Any CPU
		{E58C010A-E3FB-4721-8705-5F694B43CA8A}.Release|Any CPU.ActiveCfg = Release|Any CPU
		{E58C010A-E3FB-4721-8705-5F694B43CA8A}.Release|Any CPU.Build.0 = Release|Any CPU
		{E58C010A-E3FB-4721-8705-5F694B43CA8A}.Release|x64.ActiveCfg = Release|Any CPU
		{E58C010A-E3FB-4721-8705-5F694B43CA8A}.Release|x64.Build.0 = Release|Any CPU
		{E58C010A-E3FB-4721-8705-5F694B43CA8A}.Release|x86.ActiveCfg = Release|Any CPU
		{E58C010A-E3FB-4721-8705-5F694B43CA8A}.Release|x86.Build.0 = Release|Any CPU
		{A37F56FB-EEB3-4CB5-96D7-F78AE1CB7B21}.Debug|Any CPU.ActiveCfg = Debug|Any CPU
		{A37F56FB-EEB3-4CB5-96D7-F78AE1CB7B21}.Debug|Any CPU.Build.0 = Debug|Any CPU
		{A37F56FB-EEB3-4CB5-96D7-F78AE1CB7B21}.Debug|x64.ActiveCfg = Debug|Any CPU
		{A37F56FB-EEB3-4CB5-96D7-F78AE1CB7B21}.Debug|x64.Build.0 = Debug|Any CPU
		{A37F56FB-EEB3-4CB5-96D7-F78AE1CB7B21}.Debug|x86.ActiveCfg = Debug|Any CPU
		{A37F56FB-EEB3-4CB5-96D7-F78AE1CB7B21}.Debug|x86.Build.0 = Debug|Any CPU
		{A37F56FB-EEB3-4CB5-96D7-F78AE1CB7B21}.Release|Any CPU.ActiveCfg = Release|Any CPU
		{A37F56FB-EEB3-4CB5-96D7-F78AE1CB7B21}.Release|Any CPU.Build.0 = Release|Any CPU
		{A37F56FB-EEB3-4CB5-96D7-F78AE1CB7B21}.Release|x64.ActiveCfg = Release|Any CPU
		{A37F56FB-EEB3-4CB5-96D7-F78AE1CB7B21}.Release|x64.Build.0 = Release|Any CPU
		{A37F56FB-EEB3-4CB5-96D7-F78AE1CB7B21}.Release|x86.ActiveCfg = Release|Any CPU
		{A37F56FB-EEB3-4CB5-96D7-F78AE1CB7B21}.Release|x86.Build.0 = Release|Any CPU
		{4449F5DD-4537-4AE7-863F-E378704DDABC}.Debug|Any CPU.ActiveCfg = Debug|Any CPU
		{4449F5DD-4537-4AE7-863F-E378704DDABC}.Debug|Any CPU.Build.0 = Debug|Any CPU
		{4449F5DD-4537-4AE7-863F-E378704DDABC}.Debug|x64.ActiveCfg = Debug|Any CPU
		{4449F5DD-4537-4AE7-863F-E378704DDABC}.Debug|x64.Build.0 = Debug|Any CPU
		{4449F5DD-4537-4AE7-863F-E378704DDABC}.Debug|x86.ActiveCfg = Debug|Any CPU
		{4449F5DD-4537-4AE7-863F-E378704DDABC}.Debug|x86.Build.0 = Debug|Any CPU
		{4449F5DD-4537-4AE7-863F-E378704DDABC}.Release|Any CPU.ActiveCfg = Release|Any CPU
		{4449F5DD-4537-4AE7-863F-E378704DDABC}.Release|Any CPU.Build.0 = Release|Any CPU
		{4449F5DD-4537-4AE7-863F-E378704DDABC}.Release|x64.ActiveCfg = Release|Any CPU
		{4449F5DD-4537-4AE7-863F-E378704DDABC}.Release|x64.Build.0 = Release|Any CPU
		{4449F5DD-4537-4AE7-863F-E378704DDABC}.Release|x86.ActiveCfg = Release|Any CPU
		{4449F5DD-4537-4AE7-863F-E378704DDABC}.Release|x86.Build.0 = Release|Any CPU
		{010ABC01-4E0B-4F66-82F0-32B8681B43B8}.Debug|Any CPU.ActiveCfg = Debug|Any CPU
		{010ABC01-4E0B-4F66-82F0-32B8681B43B8}.Debug|Any CPU.Build.0 = Debug|Any CPU
		{010ABC01-4E0B-4F66-82F0-32B8681B43B8}.Debug|x64.ActiveCfg = Debug|Any CPU
		{010ABC01-4E0B-4F66-82F0-32B8681B43B8}.Debug|x64.Build.0 = Debug|Any CPU
		{010ABC01-4E0B-4F66-82F0-32B8681B43B8}.Debug|x86.ActiveCfg = Debug|Any CPU
		{010ABC01-4E0B-4F66-82F0-32B8681B43B8}.Debug|x86.Build.0 = Debug|Any CPU
		{010ABC01-4E0B-4F66-82F0-32B8681B43B8}.Release|Any CPU.ActiveCfg = Release|Any CPU
		{010ABC01-4E0B-4F66-82F0-32B8681B43B8}.Release|Any CPU.Build.0 = Release|Any CPU
		{010ABC01-4E0B-4F66-82F0-32B8681B43B8}.Release|x64.ActiveCfg = Release|Any CPU
		{010ABC01-4E0B-4F66-82F0-32B8681B43B8}.Release|x64.Build.0 = Release|Any CPU
		{010ABC01-4E0B-4F66-82F0-32B8681B43B8}.Release|x86.ActiveCfg = Release|Any CPU
		{010ABC01-4E0B-4F66-82F0-32B8681B43B8}.Release|x86.Build.0 = Release|Any CPU
		{71EFC775-EB1E-4987-9801-0C180BE362AE}.Debug|Any CPU.ActiveCfg = Debug|Any CPU
		{71EFC775-EB1E-4987-9801-0C180BE362AE}.Debug|Any CPU.Build.0 = Debug|Any CPU
		{71EFC775-EB1E-4987-9801-0C180BE362AE}.Debug|x64.ActiveCfg = Debug|Any CPU
		{71EFC775-EB1E-4987-9801-0C180BE362AE}.Debug|x64.Build.0 = Debug|Any CPU
		{71EFC775-EB1E-4987-9801-0C180BE362AE}.Debug|x86.ActiveCfg = Debug|Any CPU
		{71EFC775-EB1E-4987-9801-0C180BE362AE}.Debug|x86.Build.0 = Debug|Any CPU
		{71EFC775-EB1E-4987-9801-0C180BE362AE}.Release|Any CPU.ActiveCfg = Release|Any CPU
		{71EFC775-EB1E-4987-9801-0C180BE362AE}.Release|Any CPU.Build.0 = Release|Any CPU
		{71EFC775-EB1E-4987-9801-0C180BE362AE}.Release|x64.ActiveCfg = Release|Any CPU
		{71EFC775-EB1E-4987-9801-0C180BE362AE}.Release|x64.Build.0 = Release|Any CPU
		{71EFC775-EB1E-4987-9801-0C180BE362AE}.Release|x86.ActiveCfg = Release|Any CPU
		{71EFC775-EB1E-4987-9801-0C180BE362AE}.Release|x86.Build.0 = Release|Any CPU
	EndGlobalSection
	GlobalSection(SolutionProperties) = preSolution
		HideSolutionNode = FALSE
	EndGlobalSection
	GlobalSection(ExtensibilityGlobals) = postSolution
		SolutionGuid = {1E2793D3-783D-49F0-89E8-2E54C0E98B05}
	EndGlobalSection
EndGlobal
